
Microsoft Visual Studio Solution File, Format Version 12.00
# Visual Studio 2012
Project("{FAE04EC0-301F-11D3-BF4B-00C04F79EFBC}") = "AutoTrade.MarketData", "AutoTrade.MarketData\AutoTrade.MarketData.csproj", "{05415541-66F1-49DA-B271-BB0B04EC396B}"
EndProject
Project("{FAE04EC0-301F-11D3-BF4B-00C04F79EFBC}") = "AutoTrade.Core", "AutoTrade.Core\AutoTrade.Core.csproj", "{7F9BF6A2-D154-44D8-9966-07312970279A}"
EndProject
Project("{2150E333-8FDC-42A3-9474-1A3956D46DE8}") = "Tests", "Tests", "{0038BFF6-E4E9-45CA-8EBA-B76E6DF434B7}"
EndProject
Project("{FAE04EC0-301F-11D3-BF4B-00C04F79EFBC}") = "AutoTrade.Tests", "AutoTrade.Tests\AutoTrade.Tests.csproj", "{51977E8C-20F6-4313-A9A8-A2D03F64DB17}"
EndProject
Project("{FAE04EC0-301F-11D3-BF4B-00C04F79EFBC}") = "AutoTrade.MarketData.Tests", "AutoTrade.MarketData.Tests\AutoTrade.MarketData.Tests.csproj", "{FE94D5BF-8D2D-4440-8528-4A7D9FF679C2}"
EndProject
Project("{2150E333-8FDC-42A3-9474-1A3956D46DE8}") = "MarketData", "MarketData", "{2F6BB252-E303-4962-B0A5-D1BD491F5F6F}"
EndProject
Project("{2150E333-8FDC-42A3-9474-1A3956D46DE8}") = "Modules", "Modules", "{EFE70B3A-E66F-4811-9F39-BB39D8F71A8C}"
EndProject
Project("{FAE04EC0-301F-11D3-BF4B-00C04F79EFBC}") = "AutoTrade.MarketData.Yahoo", "AutoTrade.MarketData.Yahoo\AutoTrade.MarketData.Yahoo.csproj", "{562005A5-00BD-44B3-AB9F-77615E46A678}"
EndProject
Project("{FAE04EC0-301F-11D3-BF4B-00C04F79EFBC}") = "AutoTrade.MarketData.Yahoo.Tests", "AutoTrade.MarketData.Yahoo.Tests\AutoTrade.MarketData.Yahoo.Tests.csproj", "{DB5CC9C9-A7E7-4A96-A35F-10218B8E56CC}"
EndProject
Project("{FAE04EC0-301F-11D3-BF4B-00C04F79EFBC}") = "AutoTrade.MarketData.CollectionService", "AutoTrade.MarketData.CollectionService\AutoTrade.MarketData.CollectionService.csproj", "{8820E74B-495A-4C46-8892-EB027772BFD0}"
EndProject
Project("{FAE04EC0-301F-11D3-BF4B-00C04F79EFBC}") = "AutoTrade.MarketData.Dashboard", "AutoTrade.MarketData.Dashboard\AutoTrade.MarketData.Dashboard.csproj", "{E55A4870-0C23-49A7-8F73-749267310C05}"
	ProjectSection(ProjectDependencies) = postProject
		{5D39BF77-E083-4F4F-B445-FF1CC4AC7E0B} = {5D39BF77-E083-4F4F-B445-FF1CC4AC7E0B}
	EndProjectSection
EndProject
Project("{FAE04EC0-301F-11D3-BF4B-00C04F79EFBC}") = "AutoTrade.MarketData.DataService", "AutoTrade.MarketData.DataService\AutoTrade.MarketData.DataService.csproj", "{5D39BF77-E083-4F4F-B445-FF1CC4AC7E0B}"
EndProject
Project("{FAE04EC0-301F-11D3-BF4B-00C04F79EFBC}") = "AutoTrade.MarketData.Data", "AutoTrade.MarketData.Data\AutoTrade.MarketData.Data.csproj", "{A1CE9BD6-8DD7-492B-BED4-E8E408B95674}"
EndProject
Project("{2150E333-8FDC-42A3-9474-1A3956D46DE8}") = "Collection", "Collection", "{B5F8D745-D403-4700-827E-280041E73869}"
EndProject
Project("{2150E333-8FDC-42A3-9474-1A3956D46DE8}") = "UI", "UI", "{AD9AF226-0A8F-4408-B1ED-05563BAC0294}"
EndProject
Project("{2150E333-8FDC-42A3-9474-1A3956D46DE8}") = "DataService", "DataService", "{03503397-26E5-4D7B-BFA6-54997BDA9CFE}"
EndProject
Project("{2150E333-8FDC-42A3-9474-1A3956D46DE8}") = "Core", "Core", "{99BE7871-C461-4947-AEC2-B73E7D06FC2B}"
EndProject
Project("{FAE04EC0-301F-11D3-BF4B-00C04F79EFBC}") = "AutoTrade.Core.UI", "AutoTrade.Core.UI\AutoTrade.Core.UI.csproj", "{E0D0425B-B42A-47CE-9BB6-00544FC5035E}"
EndProject
Project("{FAE04EC0-301F-11D3-BF4B-00C04F79EFBC}") = "AutoTrade.Core.Web", "AutoTrade.Core.Web\AutoTrade.Core.Web.csproj", "{24CD4BB3-1D65-4738-8BE6-9F2F0001A0DD}"
EndProject
Project("{2150E333-8FDC-42A3-9474-1A3956D46DE8}") = "Lib", "Lib", "{C600956C-E208-49E3-B6C8-25CA068C0175}"
EndProject
Project("{2150E333-8FDC-42A3-9474-1A3956D46DE8}") = "Code", "Code", "{86F74700-838F-4C60-971E-FA5B8DD35848}"
EndProject
Project("{2150E333-8FDC-42A3-9474-1A3956D46DE8}") = "Microsoft.Practices.Prism", "Microsoft.Practices.Prism", "{BC42201E-90A2-497F-ACCA-A3E31EF5D67D}"
	ProjectSection(SolutionItems) = preProject
		Lib\Microsoft.Practices.Prism\Microsoft.Practices.Prism.dll = Lib\Microsoft.Practices.Prism\Microsoft.Practices.Prism.dll
		Lib\Microsoft.Practices.Prism\Microsoft.Practices.Prism.UnityExtensions.dll = Lib\Microsoft.Practices.Prism\Microsoft.Practices.Prism.UnityExtensions.dll
	EndProjectSection
EndProject
Project("{FAE04EC0-301F-11D3-BF4B-00C04F79EFBC}") = "AutoTrade.MarketData.EmailAlerts", "AutoTrade.MarketData.EmailAlerts\AutoTrade.MarketData.EmailAlerts.csproj", "{B2B0298A-59CB-4191-AF82-E38E09DDC175}"
EndProject
Project("{2150E333-8FDC-42A3-9474-1A3956D46DE8}") = "MarketData", "MarketData", "{A116F6FC-56D2-436E-9C88-8BEAF2CB3953}"
EndProject
Project("{2150E333-8FDC-42A3-9474-1A3956D46DE8}") = "Core", "Core", "{FC72D1D6-2B33-4070-9AFF-FB1F96D311B0}"
EndProject
Project("{FAE04EC0-301F-11D3-BF4B-00C04F79EFBC}") = "AutoTrade.Core.Tests", "AutoTrade.Core.Tests\AutoTrade.Core.Tests.csproj", "{22E4E202-2620-466B-8B08-2174D02971CD}"
EndProject
Project("{2150E333-8FDC-42A3-9474-1A3956D46DE8}") = "Accounts", "Accounts", "{B8CDCFF3-EB4B-4019-875F-17938D2F5D05}"
EndProject
Global
	GlobalSection(SolutionConfigurationPlatforms) = preSolution
		Debug|Any CPU = Debug|Any CPU
		Release|Any CPU = Release|Any CPU
	EndGlobalSection
	GlobalSection(ProjectConfigurationPlatforms) = postSolution
		{05415541-66F1-49DA-B271-BB0B04EC396B}.Debug|Any CPU.ActiveCfg = Debug|Any CPU
		{05415541-66F1-49DA-B271-BB0B04EC396B}.Debug|Any CPU.Build.0 = Debug|Any CPU
		{05415541-66F1-49DA-B271-BB0B04EC396B}.Release|Any CPU.ActiveCfg = Release|Any CPU
		{05415541-66F1-49DA-B271-BB0B04EC396B}.Release|Any CPU.Build.0 = Release|Any CPU
		{7F9BF6A2-D154-44D8-9966-07312970279A}.Debug|Any CPU.ActiveCfg = Debug|Any CPU
		{7F9BF6A2-D154-44D8-9966-07312970279A}.Debug|Any CPU.Build.0 = Debug|Any CPU
		{7F9BF6A2-D154-44D8-9966-07312970279A}.Release|Any CPU.ActiveCfg = Release|Any CPU
		{7F9BF6A2-D154-44D8-9966-07312970279A}.Release|Any CPU.Build.0 = Release|Any CPU
		{51977E8C-20F6-4313-A9A8-A2D03F64DB17}.Debug|Any CPU.ActiveCfg = Debug|Any CPU
		{51977E8C-20F6-4313-A9A8-A2D03F64DB17}.Debug|Any CPU.Build.0 = Debug|Any CPU
		{51977E8C-20F6-4313-A9A8-A2D03F64DB17}.Release|Any CPU.ActiveCfg = Release|Any CPU
		{51977E8C-20F6-4313-A9A8-A2D03F64DB17}.Release|Any CPU.Build.0 = Release|Any CPU
		{FE94D5BF-8D2D-4440-8528-4A7D9FF679C2}.Debug|Any CPU.ActiveCfg = Debug|Any CPU
		{FE94D5BF-8D2D-4440-8528-4A7D9FF679C2}.Debug|Any CPU.Build.0 = Debug|Any CPU
		{FE94D5BF-8D2D-4440-8528-4A7D9FF679C2}.Release|Any CPU.ActiveCfg = Release|Any CPU
		{FE94D5BF-8D2D-4440-8528-4A7D9FF679C2}.Release|Any CPU.Build.0 = Release|Any CPU
		{562005A5-00BD-44B3-AB9F-77615E46A678}.Debug|Any CPU.ActiveCfg = Debug|Any CPU
		{562005A5-00BD-44B3-AB9F-77615E46A678}.Debug|Any CPU.Build.0 = Debug|Any CPU
		{562005A5-00BD-44B3-AB9F-77615E46A678}.Release|Any CPU.ActiveCfg = Release|Any CPU
		{562005A5-00BD-44B3-AB9F-77615E46A678}.Release|Any CPU.Build.0 = Release|Any CPU
		{DB5CC9C9-A7E7-4A96-A35F-10218B8E56CC}.Debug|Any CPU.ActiveCfg = Debug|Any CPU
		{DB5CC9C9-A7E7-4A96-A35F-10218B8E56CC}.Debug|Any CPU.Build.0 = Debug|Any CPU
		{DB5CC9C9-A7E7-4A96-A35F-10218B8E56CC}.Release|Any CPU.ActiveCfg = Release|Any CPU
		{DB5CC9C9-A7E7-4A96-A35F-10218B8E56CC}.Release|Any CPU.Build.0 = Release|Any CPU
		{8820E74B-495A-4C46-8892-EB027772BFD0}.Debug|Any CPU.ActiveCfg = Debug|Any CPU
		{8820E74B-495A-4C46-8892-EB027772BFD0}.Debug|Any CPU.Build.0 = Debug|Any CPU
		{8820E74B-495A-4C46-8892-EB027772BFD0}.Release|Any CPU.ActiveCfg = Release|Any CPU
		{8820E74B-495A-4C46-8892-EB027772BFD0}.Release|Any CPU.Build.0 = Release|Any CPU
		{E55A4870-0C23-49A7-8F73-749267310C05}.Debug|Any CPU.ActiveCfg = Debug|Any CPU
		{E55A4870-0C23-49A7-8F73-749267310C05}.Debug|Any CPU.Build.0 = Debug|Any CPU
		{E55A4870-0C23-49A7-8F73-749267310C05}.Release|Any CPU.ActiveCfg = Release|Any CPU
		{E55A4870-0C23-49A7-8F73-749267310C05}.Release|Any CPU.Build.0 = Release|Any CPU
		{5D39BF77-E083-4F4F-B445-FF1CC4AC7E0B}.Debug|Any CPU.ActiveCfg = Debug|Any CPU
		{5D39BF77-E083-4F4F-B445-FF1CC4AC7E0B}.Debug|Any CPU.Build.0 = Debug|Any CPU
		{5D39BF77-E083-4F4F-B445-FF1CC4AC7E0B}.Release|Any CPU.ActiveCfg = Release|Any CPU
		{5D39BF77-E083-4F4F-B445-FF1CC4AC7E0B}.Release|Any CPU.Build.0 = Release|Any CPU
		{A1CE9BD6-8DD7-492B-BED4-E8E408B95674}.Debug|Any CPU.ActiveCfg = Debug|Any CPU
		{A1CE9BD6-8DD7-492B-BED4-E8E408B95674}.Debug|Any CPU.Build.0 = Debug|Any CPU
		{A1CE9BD6-8DD7-492B-BED4-E8E408B95674}.Release|Any CPU.ActiveCfg = Release|Any CPU
		{A1CE9BD6-8DD7-492B-BED4-E8E408B95674}.Release|Any CPU.Build.0 = Release|Any CPU
		{E0D0425B-B42A-47CE-9BB6-00544FC5035E}.Debug|Any CPU.ActiveCfg = Debug|Any CPU
		{E0D0425B-B42A-47CE-9BB6-00544FC5035E}.Debug|Any CPU.Build.0 = Debug|Any CPU
		{E0D0425B-B42A-47CE-9BB6-00544FC5035E}.Release|Any CPU.ActiveCfg = Release|Any CPU
		{E0D0425B-B42A-47CE-9BB6-00544FC5035E}.Release|Any CPU.Build.0 = Release|Any CPU
		{24CD4BB3-1D65-4738-8BE6-9F2F0001A0DD}.Debug|Any CPU.ActiveCfg = Debug|Any CPU
		{24CD4BB3-1D65-4738-8BE6-9F2F0001A0DD}.Debug|Any CPU.Build.0 = Debug|Any CPU
		{24CD4BB3-1D65-4738-8BE6-9F2F0001A0DD}.Release|Any CPU.ActiveCfg = Release|Any CPU
		{24CD4BB3-1D65-4738-8BE6-9F2F0001A0DD}.Release|Any CPU.Build.0 = Release|Any CPU
		{B2B0298A-59CB-4191-AF82-E38E09DDC175}.Debug|Any CPU.ActiveCfg = Debug|Any CPU
		{B2B0298A-59CB-4191-AF82-E38E09DDC175}.Debug|Any CPU.Build.0 = Debug|Any CPU
		{B2B0298A-59CB-4191-AF82-E38E09DDC175}.Release|Any CPU.ActiveCfg = Release|Any CPU
		{B2B0298A-59CB-4191-AF82-E38E09DDC175}.Release|Any CPU.Build.0 = Release|Any CPU
		{22E4E202-2620-466B-8B08-2174D02971CD}.Debug|Any CPU.ActiveCfg = Debug|Any CPU
		{22E4E202-2620-466B-8B08-2174D02971CD}.Debug|Any CPU.Build.0 = Debug|Any CPU
		{22E4E202-2620-466B-8B08-2174D02971CD}.Release|Any CPU.ActiveCfg = Release|Any CPU
		{22E4E202-2620-466B-8B08-2174D02971CD}.Release|Any CPU.Build.0 = Release|Any CPU
	EndGlobalSection
	GlobalSection(SolutionProperties) = preSolution
		HideSolutionNode = FALSE
	EndGlobalSection
	GlobalSection(NestedProjects) = preSolution
		{99BE7871-C461-4947-AEC2-B73E7D06FC2B} = {86F74700-838F-4C60-971E-FA5B8DD35848}
		{2F6BB252-E303-4962-B0A5-D1BD491F5F6F} = {86F74700-838F-4C60-971E-FA5B8DD35848}
		{B8CDCFF3-EB4B-4019-875F-17938D2F5D05} = {86F74700-838F-4C60-971E-FA5B8DD35848}
		{7F9BF6A2-D154-44D8-9966-07312970279A} = {99BE7871-C461-4947-AEC2-B73E7D06FC2B}
		{E0D0425B-B42A-47CE-9BB6-00544FC5035E} = {99BE7871-C461-4947-AEC2-B73E7D06FC2B}
		{24CD4BB3-1D65-4738-8BE6-9F2F0001A0DD} = {99BE7871-C461-4947-AEC2-B73E7D06FC2B}
		{FC72D1D6-2B33-4070-9AFF-FB1F96D311B0} = {0038BFF6-E4E9-45CA-8EBA-B76E6DF434B7}
		{A116F6FC-56D2-436E-9C88-8BEAF2CB3953} = {0038BFF6-E4E9-45CA-8EBA-B76E6DF434B7}
		{51977E8C-20F6-4313-A9A8-A2D03F64DB17} = {FC72D1D6-2B33-4070-9AFF-FB1F96D311B0}
		{22E4E202-2620-466B-8B08-2174D02971CD} = {FC72D1D6-2B33-4070-9AFF-FB1F96D311B0}
		{DB5CC9C9-A7E7-4A96-A35F-10218B8E56CC} = {A116F6FC-56D2-436E-9C88-8BEAF2CB3953}
		{FE94D5BF-8D2D-4440-8528-4A7D9FF679C2} = {A116F6FC-56D2-436E-9C88-8BEAF2CB3953}
		{B5F8D745-D403-4700-827E-280041E73869} = {2F6BB252-E303-4962-B0A5-D1BD491F5F6F}
		{AD9AF226-0A8F-4408-B1ED-05563BAC0294} = {2F6BB252-E303-4962-B0A5-D1BD491F5F6F}
		{03503397-26E5-4D7B-BFA6-54997BDA9CFE} = {2F6BB252-E303-4962-B0A5-D1BD491F5F6F}
		{A1CE9BD6-8DD7-492B-BED4-E8E408B95674} = {2F6BB252-E303-4962-B0A5-D1BD491F5F6F}
		{EFE70B3A-E66F-4811-9F39-BB39D8F71A8C} = {B5F8D745-D403-4700-827E-280041E73869}
		{8820E74B-495A-4C46-8892-EB027772BFD0} = {B5F8D745-D403-4700-827E-280041E73869}
		{05415541-66F1-49DA-B271-BB0B04EC396B} = {B5F8D745-D403-4700-827E-280041E73869}
		{562005A5-00BD-44B3-AB9F-77615E46A678} = {EFE70B3A-E66F-4811-9F39-BB39D8F71A8C}
		{B2B0298A-59CB-4191-AF82-E38E09DDC175} = {EFE70B3A-E66F-4811-9F39-BB39D8F71A8C}
		{E55A4870-0C23-49A7-8F73-749267310C05} = {AD9AF226-0A8F-4408-B1ED-05563BAC0294}
		{5D39BF77-E083-4F4F-B445-FF1CC4AC7E0B} = {03503397-26E5-4D7B-BFA6-54997BDA9CFE}
		{BC42201E-90A2-497F-ACCA-A3E31EF5D67D} = {C600956C-E208-49E3-B6C8-25CA068C0175}
	EndGlobalSection
	GlobalSection(ExtensibilityGlobals) = postSolution
		EnterpriseLibraryConfigurationToolBinariesPath = packages\Unity.2.1.505.2\lib\NET35
	EndGlobalSection
EndGlobal
