
Microsoft Visual Studio Solution File, Format Version 11.00
# Visual Web Developer Express 2010
Project("{2150E333-8FDC-42A3-9474-1A3956D46DE8}") = "Server", "Server", "{EA3F128B-157A-46D5-81E9-F3A83D3E85CF}"
EndProject
Project("{2150E333-8FDC-42A3-9474-1A3956D46DE8}") = "Client", "Client", "{7D34509E-385C-4C76-91DD-5222BC8FFEB5}"
EndProject
Project("{FAE04EC0-301F-11D3-BF4B-00C04F79EFBC}") = "Shell", "Shell\Shell.csproj", "{A7D466F5-0E68-46E4-87AB-CD0A94D71878}"
	ProjectSection(ProjectDependencies) = postProject
		{B4E8BA22-25DA-4576-B9CE-6B626C2DFE1A} = {B4E8BA22-25DA-4576-B9CE-6B626C2DFE1A}
		{B4E8BA22-25DA-4576-B9CE-6B626C2DFE1A} = {B4E8BA22-25DA-4576-B9CE-6B626C2DFE1A}
	EndProjectSection
EndProject
Project("{FAE04EC0-301F-11D3-BF4B-00C04F79EFBC}") = "Web", "Web\Web.csproj", "{B4E8BA22-25DA-4576-B9CE-6B626C2DFE1A}"
EndProject
Project("{FAE04EC0-301F-11D3-BF4B-00C04F79EFBC}") = "OrderModule", "Module1\OrderModule.csproj", "{DE7EA116-7929-4328-A322-C5A3D3F5198E}"
	ProjectSection(ProjectDependencies) = postProject
		{B4E8BA22-25DA-4576-B9CE-6B626C2DFE1A} = {B4E8BA22-25DA-4576-B9CE-6B626C2DFE1A}
		{B4E8BA22-25DA-4576-B9CE-6B626C2DFE1A} = {B4E8BA22-25DA-4576-B9CE-6B626C2DFE1A}
		{B4E8BA22-25DA-4576-B9CE-6B626C2DFE1A} = {B4E8BA22-25DA-4576-B9CE-6B626C2DFE1A}
		{B4E8BA22-25DA-4576-B9CE-6B626C2DFE1A} = {B4E8BA22-25DA-4576-B9CE-6B626C2DFE1A}
		{B4E8BA22-25DA-4576-B9CE-6B626C2DFE1A} = {B4E8BA22-25DA-4576-B9CE-6B626C2DFE1A}
		{B4E8BA22-25DA-4576-B9CE-6B626C2DFE1A} = {B4E8BA22-25DA-4576-B9CE-6B626C2DFE1A}
		{AE2CE8DE-1B13-49B7-912A-F825D973556B} = {AE2CE8DE-1B13-49B7-912A-F825D973556B}
	EndProjectSection
EndProject
Project("{FAE04EC0-301F-11D3-BF4B-00C04F79EFBC}") = "CatalogModule", "Module2\CatalogModule.csproj", "{AA0E2C24-4EAD-4DB0-B30F-02ACDEFB0AAA}"
	ProjectSection(ProjectDependencies) = postProject
		{B4E8BA22-25DA-4576-B9CE-6B626C2DFE1A} = {B4E8BA22-25DA-4576-B9CE-6B626C2DFE1A}
		{4E4C3D71-6375-4F80-A50A-CEEE9A7EFF5C} = {4E4C3D71-6375-4F80-A50A-CEEE9A7EFF5C}
	EndProjectSection
EndProject
Project("{FAE04EC0-301F-11D3-BF4B-00C04F79EFBC}") = "Common", "Common\Common.csproj", "{2941243E-D148-4A1D-BCBF-676957AE073A}"
EndProject
Project("{FAE04EC0-301F-11D3-BF4B-00C04F79EFBC}") = "CatalogServices", "Catalog.Web\CatalogServices.csproj", "{4E4C3D71-6375-4F80-A50A-CEEE9A7EFF5C}"
EndProject
Project("{FAE04EC0-301F-11D3-BF4B-00C04F79EFBC}") = "OrderServices", "Order.Web\OrderServices.csproj", "{AE2CE8DE-1B13-49B7-912A-F825D973556B}"
EndProject
Global
	GlobalSection(SolutionConfigurationPlatforms) = preSolution
		Debug|Any CPU = Debug|Any CPU
		Release|Any CPU = Release|Any CPU
	EndGlobalSection
	GlobalSection(ProjectConfigurationPlatforms) = postSolution
		{A7D466F5-0E68-46E4-87AB-CD0A94D71878}.Debug|Any CPU.ActiveCfg = Debug|Any CPU
		{A7D466F5-0E68-46E4-87AB-CD0A94D71878}.Debug|Any CPU.Build.0 = Debug|Any CPU
		{A7D466F5-0E68-46E4-87AB-CD0A94D71878}.Release|Any CPU.ActiveCfg = Release|Any CPU
		{A7D466F5-0E68-46E4-87AB-CD0A94D71878}.Release|Any CPU.Build.0 = Release|Any CPU
		{B4E8BA22-25DA-4576-B9CE-6B626C2DFE1A}.Debug|Any CPU.ActiveCfg = Debug|Any CPU
		{B4E8BA22-25DA-4576-B9CE-6B626C2DFE1A}.Debug|Any CPU.Build.0 = Debug|Any CPU
		{B4E8BA22-25DA-4576-B9CE-6B626C2DFE1A}.Release|Any CPU.ActiveCfg = Release|Any CPU
		{B4E8BA22-25DA-4576-B9CE-6B626C2DFE1A}.Release|Any CPU.Build.0 = Release|Any CPU
		{DE7EA116-7929-4328-A322-C5A3D3F5198E}.Debug|Any CPU.ActiveCfg = Debug|Any CPU
		{DE7EA116-7929-4328-A322-C5A3D3F5198E}.Debug|Any CPU.Build.0 = Debug|Any CPU
		{DE7EA116-7929-4328-A322-C5A3D3F5198E}.Release|Any CPU.ActiveCfg = Release|Any CPU
		{DE7EA116-7929-4328-A322-C5A3D3F5198E}.Release|Any CPU.Build.0 = Release|Any CPU
		{AA0E2C24-4EAD-4DB0-B30F-02ACDEFB0AAA}.Debug|Any CPU.ActiveCfg = Debug|Any CPU
		{AA0E2C24-4EAD-4DB0-B30F-02ACDEFB0AAA}.Debug|Any CPU.Build.0 = Debug|Any CPU
		{AA0E2C24-4EAD-4DB0-B30F-02ACDEFB0AAA}.Release|Any CPU.ActiveCfg = Release|Any CPU
		{AA0E2C24-4EAD-4DB0-B30F-02ACDEFB0AAA}.Release|Any CPU.Build.0 = Release|Any CPU
		{2941243E-D148-4A1D-BCBF-676957AE073A}.Debug|Any CPU.ActiveCfg = Debug|Any CPU
		{2941243E-D148-4A1D-BCBF-676957AE073A}.Debug|Any CPU.Build.0 = Debug|Any CPU
		{2941243E-D148-4A1D-BCBF-676957AE073A}.Release|Any CPU.ActiveCfg = Release|Any CPU
		{2941243E-D148-4A1D-BCBF-676957AE073A}.Release|Any CPU.Build.0 = Release|Any CPU
		{4E4C3D71-6375-4F80-A50A-CEEE9A7EFF5C}.Debug|Any CPU.ActiveCfg = Debug|Any CPU
		{4E4C3D71-6375-4F80-A50A-CEEE9A7EFF5C}.Debug|Any CPU.Build.0 = Debug|Any CPU
		{4E4C3D71-6375-4F80-A50A-CEEE9A7EFF5C}.Release|Any CPU.ActiveCfg = Release|Any CPU
		{4E4C3D71-6375-4F80-A50A-CEEE9A7EFF5C}.Release|Any CPU.Build.0 = Release|Any CPU
		{AE2CE8DE-1B13-49B7-912A-F825D973556B}.Debug|Any CPU.ActiveCfg = Debug|Any CPU
		{AE2CE8DE-1B13-49B7-912A-F825D973556B}.Debug|Any CPU.Build.0 = Debug|Any CPU
		{AE2CE8DE-1B13-49B7-912A-F825D973556B}.Release|Any CPU.ActiveCfg = Release|Any CPU
		{AE2CE8DE-1B13-49B7-912A-F825D973556B}.Release|Any CPU.Build.0 = Release|Any CPU
	EndGlobalSection
	GlobalSection(SolutionProperties) = preSolution
		HideSolutionNode = FALSE
	EndGlobalSection
EndGlobal
